
Microsoft Visual Studio Solution File, Format Version 12.00
# Visual Studio 15
Project("{FAE04EC0-301F-11D3-BF4B-00C04F79EFBC}") = "Assembly-CSharp", "Assembly-CSharp.csproj", "{AB35BC01-BDC2-8A3D-76B6-6EF6B6F1E71C}"
EndProject
Project("{FAE04EC0-301F-11D3-BF4B-00C04F79EFBC}") = "Assembly-CSharp-Editor", "Assembly-CSharp-Editor.csproj", "{1093733F-1162-EA26-571D-38EC2648A782}"
EndProject
Global
	GlobalSection(SolutionConfigurationPlatforms) = preSolution
		Debug|Any CPU = Debug|Any CPU
		Release|Any CPU = Release|Any CPU
	EndGlobalSection
	GlobalSection(ProjectConfigurationPlatforms) = postSolution
		{AB35BC01-BDC2-8A3D-76B6-6EF6B6F1E71C}.Debug|Any CPU.ActiveCfg = Debug|Any CPU
		{AB35BC01-BDC2-8A3D-76B6-6EF6B6F1E71C}.Debug|Any CPU.Build.0 = Debug|Any CPU
		{AB35BC01-BDC2-8A3D-76B6-6EF6B6F1E71C}.Release|Any CPU.ActiveCfg = Release|Any CPU
		{AB35BC01-BDC2-8A3D-76B6-6EF6B6F1E71C}.Release|Any CPU.Build.0 = Release|Any CPU
		{1093733F-1162-EA26-571D-38EC2648A782}.Debug|Any CPU.ActiveCfg = Debug|Any CPU
		{1093733F-1162-EA26-571D-38EC2648A782}.Debug|Any CPU.Build.0 = Debug|Any CPU
		{1093733F-1162-EA26-571D-38EC2648A782}.Release|Any CPU.ActiveCfg = Release|Any CPU
		{1093733F-1162-EA26-571D-38EC2648A782}.Release|Any CPU.Build.0 = Release|Any CPU
	EndGlobalSection
	GlobalSection(SolutionProperties) = preSolution
		HideSolutionNode = FALSE
	EndGlobalSection
EndGlobal
